// !$*UTF8*$!
{
	archiveVersion = 1;
	classes = {
	};
	objectVersion = 55;
	objects = {

/* Begin PBXBuildFile section */
		910F575B28C7AB4500BFFAD1 /* FavoriteManager.swift in Sources */ = {isa = PBXBuildFile; fileRef = 910F575A28C7AB4500BFFAD1 /* FavoriteManager.swift */; };
		910F575D28C7AB7900BFFAD1 /* FavoriteViewModel.swift in Sources */ = {isa = PBXBuildFile; fileRef = 910F575C28C7AB7900BFFAD1 /* FavoriteViewModel.swift */; };
		911F0D4529007992002D6850 /* MovieDetailBottomCell.swift in Sources */ = {isa = PBXBuildFile; fileRef = 911F0D4329007992002D6850 /* MovieDetailBottomCell.swift */; };
		911F0D4629007992002D6850 /* MovieDetailBottomCell.xib in Resources */ = {isa = PBXBuildFile; fileRef = 911F0D4429007992002D6850 /* MovieDetailBottomCell.xib */; };
		911F0D49290085A4002D6850 /* DetailBottomMainCell.swift in Sources */ = {isa = PBXBuildFile; fileRef = 911F0D47290085A4002D6850 /* DetailBottomMainCell.swift */; };
		911F0D4A290085A4002D6850 /* DetailBottomMainCell.xib in Resources */ = {isa = PBXBuildFile; fileRef = 911F0D48290085A4002D6850 /* DetailBottomMainCell.xib */; };
		911F0D4C29008B85002D6850 /* CastModel.swift in Sources */ = {isa = PBXBuildFile; fileRef = 911F0D4B29008B85002D6850 /* CastModel.swift */; };
		911F0D4E29008C44002D6850 /* CastManager.swift in Sources */ = {isa = PBXBuildFile; fileRef = 911F0D4D29008C44002D6850 /* CastManager.swift */; };
		911F0D5129009361002D6850 /* CastViewModel.swift in Sources */ = {isa = PBXBuildFile; fileRef = 911F0D5029009361002D6850 /* CastViewModel.swift */; };
		9132CEBC28BA1E8800763797 /* MovieDetailManager.swift in Sources */ = {isa = PBXBuildFile; fileRef = 9132CEBB28BA1E8800763797 /* MovieDetailManager.swift */; };
		9139F25D28AC02B9006B189E /* Favorite+CoreDataProperties.swift in Sources */ = {isa = PBXBuildFile; fileRef = 9139F25B28AC02B9006B189E /* Favorite+CoreDataProperties.swift */; };
		9139F25E28AC02B9006B189E /* Favorite+CoreDataClass.swift in Sources */ = {isa = PBXBuildFile; fileRef = 9139F25C28AC02B9006B189E /* Favorite+CoreDataClass.swift */; };
		914215E828C9191400B6549E /* GoogleService-Info.plist in Resources */ = {isa = PBXBuildFile; fileRef = 914215E728C9191400B6549E /* GoogleService-Info.plist */; };
		9147DC2328A7FECB00FB23C8 /* MovieDetailVC.swift in Sources */ = {isa = PBXBuildFile; fileRef = 9147DC2228A7FECB00FB23C8 /* MovieDetailVC.swift */; };
		915EDFD528E82C7E0032D95E /* MovieCategoryCell.swift in Sources */ = {isa = PBXBuildFile; fileRef = 915EDFD328E82C7E0032D95E /* MovieCategoryCell.swift */; };
		915EDFD628E82C7E0032D95E /* MovieCategoryCell.xib in Resources */ = {isa = PBXBuildFile; fileRef = 915EDFD428E82C7E0032D95E /* MovieCategoryCell.xib */; };
		915EDFD928E83DBF0032D95E /* MovieCategoryGenreCell.swift in Sources */ = {isa = PBXBuildFile; fileRef = 915EDFD728E83DBF0032D95E /* MovieCategoryGenreCell.swift */; };
		915EDFDA28E83DBF0032D95E /* MovieCategoryGenreCell.xib in Resources */ = {isa = PBXBuildFile; fileRef = 915EDFD828E83DBF0032D95E /* MovieCategoryGenreCell.xib */; };
		916103B128F4968A00D2AD4E /* MovieDetailHeaderVC.swift in Sources */ = {isa = PBXBuildFile; fileRef = 916103AF28F4968A00D2AD4E /* MovieDetailHeaderVC.swift */; };
		916103B228F4968A00D2AD4E /* MovieDetailHeaderVC.xib in Resources */ = {isa = PBXBuildFile; fileRef = 916103B028F4968A00D2AD4E /* MovieDetailHeaderVC.xib */; };
		9163710028EF30C10016FF65 /* MovieHeaderViewController.swift in Sources */ = {isa = PBXBuildFile; fileRef = 916370FE28EF30C10016FF65 /* MovieHeaderViewController.swift */; };
		9163710128EF30C10016FF65 /* MovieHeaderViewController.xib in Resources */ = {isa = PBXBuildFile; fileRef = 916370FF28EF30C10016FF65 /* MovieHeaderViewController.xib */; };
		9172F125290421C700E70BB5 /* SimiliarManager.swift in Sources */ = {isa = PBXBuildFile; fileRef = 9172F124290421C700E70BB5 /* SimiliarManager.swift */; };
		9172F1272904222600E70BB5 /* SimiliarViewModel.swift in Sources */ = {isa = PBXBuildFile; fileRef = 9172F1262904222600E70BB5 /* SimiliarViewModel.swift */; };
		9172F129290422A400E70BB5 /* SimiliarModel.swift in Sources */ = {isa = PBXBuildFile; fileRef = 9172F128290422A400E70BB5 /* SimiliarModel.swift */; };
		918B5EC028DCCA6500861F92 /* CollectionHeader.swift in Sources */ = {isa = PBXBuildFile; fileRef = 918B5EBF28DCCA6500861F92 /* CollectionHeader.swift */; };
		919407F228AACB28007A88FC /* FavoriteController.swift in Sources */ = {isa = PBXBuildFile; fileRef = 919407F128AACB28007A88FC /* FavoriteController.swift */; };
		919407F528AACF19007A88FC /* CoreData.xcdatamodeld in Sources */ = {isa = PBXBuildFile; fileRef = 919407F328AACF19007A88FC /* CoreData.xcdatamodeld */; };
		919CB18B28F1BF33002F16A6 /* SeeMoreMoviesController.swift in Sources */ = {isa = PBXBuildFile; fileRef = 919CB18A28F1BF33002F16A6 /* SeeMoreMoviesController.swift */; };
		91A13B8528BB5888004ABE33 /* MovieDetailViewModel.swift in Sources */ = {isa = PBXBuildFile; fileRef = 91A13B8428BB5888004ABE33 /* MovieDetailViewModel.swift */; };
		91A13B8728BBA01B004ABE33 /* NetworkHelper.swift in Sources */ = {isa = PBXBuildFile; fileRef = 91A13B8628BBA01B004ABE33 /* NetworkHelper.swift */; };
		91A13B8A28BBAF4B004ABE33 /* OverViewCell.swift in Sources */ = {isa = PBXBuildFile; fileRef = 91A13B8928BBAF4B004ABE33 /* OverViewCell.swift */; };
		91A13B8C28BBB51B004ABE33 /* GenreCell.swift in Sources */ = {isa = PBXBuildFile; fileRef = 91A13B8B28BBB51B004ABE33 /* GenreCell.swift */; };
		91A13B8E28BBE48F004ABE33 /* MovieDetailModel.swift in Sources */ = {isa = PBXBuildFile; fileRef = 91A13B8D28BBE48F004ABE33 /* MovieDetailModel.swift */; };
		91B0C3FB28B0D060005D3D3D /* MovieViewModel.swift in Sources */ = {isa = PBXBuildFile; fileRef = 91B0C3FA28B0D060005D3D3D /* MovieViewModel.swift */; };
		91B0C3FF28B0DA1C005D3D3D /* NetworkManager.swift in Sources */ = {isa = PBXBuildFile; fileRef = 91B0C3FE28B0DA1C005D3D3D /* NetworkManager.swift */; };
		91B0C40228B0FFC0005D3D3D /* MovieManager.swift in Sources */ = {isa = PBXBuildFile; fileRef = 91B0C40128B0FFC0005D3D3D /* MovieManager.swift */; };
		91B149FE28E1E4E900747FDD /* MovieDetVc.swift in Sources */ = {isa = PBXBuildFile; fileRef = 91B149FD28E1E4E900747FDD /* MovieDetVc.swift */; };
		91B2391528A7C81000D39A56 /* MoviesController.swift in Sources */ = {isa = PBXBuildFile; fileRef = 91B2391428A7C81000D39A56 /* MoviesController.swift */; };
		91B2391728A7CCAC00D39A56 /* MovieCell.swift in Sources */ = {isa = PBXBuildFile; fileRef = 91B2391628A7CCAC00D39A56 /* MovieCell.swift */; };
		91B2391928A7CD2E00D39A56 /* Popular.swift in Sources */ = {isa = PBXBuildFile; fileRef = 91B2391828A7CD2E00D39A56 /* Popular.swift */; };
		91C106D028D8E752008D89C0 /* MovieTrailerVC.swift in Sources */ = {isa = PBXBuildFile; fileRef = 91C106CF28D8E752008D89C0 /* MovieTrailerVC.swift */; };
		91C106D228D8F0CE008D89C0 /* MovieTrailerModel.swift in Sources */ = {isa = PBXBuildFile; fileRef = 91C106D128D8F0CE008D89C0 /* MovieTrailerModel.swift */; };
		91C106D428D8F38D008D89C0 /* MovieTrailerViewModel.swift in Sources */ = {isa = PBXBuildFile; fileRef = 91C106D328D8F38D008D89C0 /* MovieTrailerViewModel.swift */; };
		91C106D728D8FA0F008D89C0 /* MovieTrailerManager.swift in Sources */ = {isa = PBXBuildFile; fileRef = 91C106D628D8FA0F008D89C0 /* MovieTrailerManager.swift */; };
		91C2E1B428B2AE4700CB9D10 /* FavoriteCell.swift in Sources */ = {isa = PBXBuildFile; fileRef = 91C2E1B328B2AE4700CB9D10 /* FavoriteCell.swift */; };
		91E617CF28F0AA41005B1EC4 /* HeaderCollectionViewCell.swift in Sources */ = {isa = PBXBuildFile; fileRef = 91E617CD28F0AA41005B1EC4 /* HeaderCollectionViewCell.swift */; };
		91E617D028F0AA41005B1EC4 /* HeaderCollectionViewCell.xib in Resources */ = {isa = PBXBuildFile; fileRef = 91E617CE28F0AA41005B1EC4 /* HeaderCollectionViewCell.xib */; };
		91F0F80328FDED5500E601B2 /* SearchVC.swift in Sources */ = {isa = PBXBuildFile; fileRef = 91F0F80228FDED5500E601B2 /* SearchVC.swift */; };
		91F0F80728FDF59200E601B2 /* SearchManager.swift in Sources */ = {isa = PBXBuildFile; fileRef = 91F0F80628FDF59200E601B2 /* SearchManager.swift */; };
		91FA6ECD28A7C19D008FCFA2 /* AppDelegate.swift in Sources */ = {isa = PBXBuildFile; fileRef = 91FA6ECC28A7C19D008FCFA2 /* AppDelegate.swift */; };
		91FA6ECF28A7C19D008FCFA2 /* SceneDelegate.swift in Sources */ = {isa = PBXBuildFile; fileRef = 91FA6ECE28A7C19D008FCFA2 /* SceneDelegate.swift */; };
		91FA6ED428A7C19D008FCFA2 /* Main.storyboard in Resources */ = {isa = PBXBuildFile; fileRef = 91FA6ED228A7C19D008FCFA2 /* Main.storyboard */; };
		91FA6ED628A7C19E008FCFA2 /* Assets.xcassets in Resources */ = {isa = PBXBuildFile; fileRef = 91FA6ED528A7C19E008FCFA2 /* Assets.xcassets */; };
		91FA6ED928A7C19E008FCFA2 /* LaunchScreen.storyboard in Resources */ = {isa = PBXBuildFile; fileRef = 91FA6ED728A7C19E008FCFA2 /* LaunchScreen.storyboard */; };
		B5BF1363C971C557712E6313 /* Pods_MovieApp.framework in Frameworks */ = {isa = PBXBuildFile; fileRef = 546FB6D346FE266111D4C5E8 /* Pods_MovieApp.framework */; };
/* End PBXBuildFile section */

/* Begin PBXFileReference section */
		546FB6D346FE266111D4C5E8 /* Pods_MovieApp.framework */ = {isa = PBXFileReference; explicitFileType = wrapper.framework; includeInIndex = 0; path = Pods_MovieApp.framework; sourceTree = BUILT_PRODUCTS_DIR; };
		895ED939D844ADE939567281 /* Pods-MovieApp.release.xcconfig */ = {isa = PBXFileReference; includeInIndex = 1; lastKnownFileType = text.xcconfig; name = "Pods-MovieApp.release.xcconfig"; path = "Target Support Files/Pods-MovieApp/Pods-MovieApp.release.xcconfig"; sourceTree = "<group>"; };
		910F575A28C7AB4500BFFAD1 /* FavoriteManager.swift */ = {isa = PBXFileReference; lastKnownFileType = sourcecode.swift; path = FavoriteManager.swift; sourceTree = "<group>"; };
		910F575C28C7AB7900BFFAD1 /* FavoriteViewModel.swift */ = {isa = PBXFileReference; lastKnownFileType = sourcecode.swift; path = FavoriteViewModel.swift; sourceTree = "<group>"; };
		911F0D4329007992002D6850 /* MovieDetailBottomCell.swift */ = {isa = PBXFileReference; lastKnownFileType = sourcecode.swift; path = MovieDetailBottomCell.swift; sourceTree = "<group>"; };
		911F0D4429007992002D6850 /* MovieDetailBottomCell.xib */ = {isa = PBXFileReference; lastKnownFileType = file.xib; path = MovieDetailBottomCell.xib; sourceTree = "<group>"; };
		911F0D47290085A4002D6850 /* DetailBottomMainCell.swift */ = {isa = PBXFileReference; lastKnownFileType = sourcecode.swift; path = DetailBottomMainCell.swift; sourceTree = "<group>"; };
		911F0D48290085A4002D6850 /* DetailBottomMainCell.xib */ = {isa = PBXFileReference; lastKnownFileType = file.xib; path = DetailBottomMainCell.xib; sourceTree = "<group>"; };
		911F0D4B29008B85002D6850 /* CastModel.swift */ = {isa = PBXFileReference; lastKnownFileType = sourcecode.swift; path = CastModel.swift; sourceTree = "<group>"; };
		911F0D4D29008C44002D6850 /* CastManager.swift */ = {isa = PBXFileReference; lastKnownFileType = sourcecode.swift; path = CastManager.swift; sourceTree = "<group>"; };
		911F0D5029009361002D6850 /* CastViewModel.swift */ = {isa = PBXFileReference; lastKnownFileType = sourcecode.swift; path = CastViewModel.swift; sourceTree = "<group>"; };
		9132CEBB28BA1E8800763797 /* MovieDetailManager.swift */ = {isa = PBXFileReference; lastKnownFileType = sourcecode.swift; path = MovieDetailManager.swift; sourceTree = "<group>"; };
		9139F25B28AC02B9006B189E /* Favorite+CoreDataProperties.swift */ = {isa = PBXFileReference; lastKnownFileType = sourcecode.swift; name = "Favorite+CoreDataProperties.swift"; path = "/Users/fikretsmacbook/Desktop/MovieApp/MovieApp/Favorite+CoreDataProperties.swift"; sourceTree = "<absolute>"; };
		9139F25C28AC02B9006B189E /* Favorite+CoreDataClass.swift */ = {isa = PBXFileReference; lastKnownFileType = sourcecode.swift; name = "Favorite+CoreDataClass.swift"; path = "/Users/fikretsmacbook/Desktop/MovieApp/MovieApp/Favorite+CoreDataClass.swift"; sourceTree = "<absolute>"; };
		914215E728C9191400B6549E /* GoogleService-Info.plist */ = {isa = PBXFileReference; fileEncoding = 4; lastKnownFileType = text.plist.xml; path = "GoogleService-Info.plist"; sourceTree = "<group>"; };
		9147DC2228A7FECB00FB23C8 /* MovieDetailVC.swift */ = {isa = PBXFileReference; lastKnownFileType = sourcecode.swift; path = MovieDetailVC.swift; sourceTree = "<group>"; };
		915EDFD328E82C7E0032D95E /* MovieCategoryCell.swift */ = {isa = PBXFileReference; lastKnownFileType = sourcecode.swift; path = MovieCategoryCell.swift; sourceTree = "<group>"; };
		915EDFD428E82C7E0032D95E /* MovieCategoryCell.xib */ = {isa = PBXFileReference; lastKnownFileType = file.xib; path = MovieCategoryCell.xib; sourceTree = "<group>"; };
		915EDFD728E83DBF0032D95E /* MovieCategoryGenreCell.swift */ = {isa = PBXFileReference; lastKnownFileType = sourcecode.swift; path = MovieCategoryGenreCell.swift; sourceTree = "<group>"; };
		915EDFD828E83DBF0032D95E /* MovieCategoryGenreCell.xib */ = {isa = PBXFileReference; lastKnownFileType = file.xib; path = MovieCategoryGenreCell.xib; sourceTree = "<group>"; };
		916103AF28F4968A00D2AD4E /* MovieDetailHeaderVC.swift */ = {isa = PBXFileReference; lastKnownFileType = sourcecode.swift; path = MovieDetailHeaderVC.swift; sourceTree = "<group>"; };
		916103B028F4968A00D2AD4E /* MovieDetailHeaderVC.xib */ = {isa = PBXFileReference; lastKnownFileType = file.xib; path = MovieDetailHeaderVC.xib; sourceTree = "<group>"; };
		916370FE28EF30C10016FF65 /* MovieHeaderViewController.swift */ = {isa = PBXFileReference; lastKnownFileType = sourcecode.swift; path = MovieHeaderViewController.swift; sourceTree = "<group>"; };
		916370FF28EF30C10016FF65 /* MovieHeaderViewController.xib */ = {isa = PBXFileReference; lastKnownFileType = file.xib; path = MovieHeaderViewController.xib; sourceTree = "<group>"; };
		9172F124290421C700E70BB5 /* SimiliarManager.swift */ = {isa = PBXFileReference; lastKnownFileType = sourcecode.swift; path = SimiliarManager.swift; sourceTree = "<group>"; };
		9172F1262904222600E70BB5 /* SimiliarViewModel.swift */ = {isa = PBXFileReference; lastKnownFileType = sourcecode.swift; path = SimiliarViewModel.swift; sourceTree = "<group>"; };
		9172F128290422A400E70BB5 /* SimiliarModel.swift */ = {isa = PBXFileReference; lastKnownFileType = sourcecode.swift; path = SimiliarModel.swift; sourceTree = "<group>"; };
		918B5EBF28DCCA6500861F92 /* CollectionHeader.swift */ = {isa = PBXFileReference; lastKnownFileType = sourcecode.swift; path = CollectionHeader.swift; sourceTree = "<group>"; };
		919407F128AACB28007A88FC /* FavoriteController.swift */ = {isa = PBXFileReference; lastKnownFileType = sourcecode.swift; path = FavoriteController.swift; sourceTree = "<group>"; };
		919407F428AACF19007A88FC /* CoreData.xcdatamodel */ = {isa = PBXFileReference; lastKnownFileType = wrapper.xcdatamodel; path = CoreData.xcdatamodel; sourceTree = "<group>"; };
		919CB18A28F1BF33002F16A6 /* SeeMoreMoviesController.swift */ = {isa = PBXFileReference; lastKnownFileType = sourcecode.swift; path = SeeMoreMoviesController.swift; sourceTree = "<group>"; };
		91A13B8428BB5888004ABE33 /* MovieDetailViewModel.swift */ = {isa = PBXFileReference; lastKnownFileType = sourcecode.swift; path = MovieDetailViewModel.swift; sourceTree = "<group>"; };
		91A13B8628BBA01B004ABE33 /* NetworkHelper.swift */ = {isa = PBXFileReference; lastKnownFileType = sourcecode.swift; path = NetworkHelper.swift; sourceTree = "<group>"; };
		91A13B8928BBAF4B004ABE33 /* OverViewCell.swift */ = {isa = PBXFileReference; lastKnownFileType = sourcecode.swift; path = OverViewCell.swift; sourceTree = "<group>"; };
		91A13B8B28BBB51B004ABE33 /* GenreCell.swift */ = {isa = PBXFileReference; lastKnownFileType = sourcecode.swift; path = GenreCell.swift; sourceTree = "<group>"; };
		91A13B8D28BBE48F004ABE33 /* MovieDetailModel.swift */ = {isa = PBXFileReference; lastKnownFileType = sourcecode.swift; path = MovieDetailModel.swift; sourceTree = "<group>"; };
		91B0C3FA28B0D060005D3D3D /* MovieViewModel.swift */ = {isa = PBXFileReference; lastKnownFileType = sourcecode.swift; path = MovieViewModel.swift; sourceTree = "<group>"; };
		91B0C3FE28B0DA1C005D3D3D /* NetworkManager.swift */ = {isa = PBXFileReference; lastKnownFileType = sourcecode.swift; path = NetworkManager.swift; sourceTree = "<group>"; };
		91B0C40128B0FFC0005D3D3D /* MovieManager.swift */ = {isa = PBXFileReference; lastKnownFileType = sourcecode.swift; path = MovieManager.swift; sourceTree = "<group>"; };
		91B149FD28E1E4E900747FDD /* MovieDetVc.swift */ = {isa = PBXFileReference; lastKnownFileType = sourcecode.swift; path = MovieDetVc.swift; sourceTree = "<group>"; };
		91B2391428A7C81000D39A56 /* MoviesController.swift */ = {isa = PBXFileReference; lastKnownFileType = sourcecode.swift; path = MoviesController.swift; sourceTree = "<group>"; };
		91B2391628A7CCAC00D39A56 /* MovieCell.swift */ = {isa = PBXFileReference; lastKnownFileType = sourcecode.swift; path = MovieCell.swift; sourceTree = "<group>"; };
		91B2391828A7CD2E00D39A56 /* Popular.swift */ = {isa = PBXFileReference; lastKnownFileType = sourcecode.swift; path = Popular.swift; sourceTree = "<group>"; };
		91C106CF28D8E752008D89C0 /* MovieTrailerVC.swift */ = {isa = PBXFileReference; lastKnownFileType = sourcecode.swift; path = MovieTrailerVC.swift; sourceTree = "<group>"; };
		91C106D128D8F0CE008D89C0 /* MovieTrailerModel.swift */ = {isa = PBXFileReference; lastKnownFileType = sourcecode.swift; path = MovieTrailerModel.swift; sourceTree = "<group>"; };
		91C106D328D8F38D008D89C0 /* MovieTrailerViewModel.swift */ = {isa = PBXFileReference; lastKnownFileType = sourcecode.swift; path = MovieTrailerViewModel.swift; sourceTree = "<group>"; };
		91C106D628D8FA0F008D89C0 /* MovieTrailerManager.swift */ = {isa = PBXFileReference; lastKnownFileType = sourcecode.swift; path = MovieTrailerManager.swift; sourceTree = "<group>"; };
		91C2E1B328B2AE4700CB9D10 /* FavoriteCell.swift */ = {isa = PBXFileReference; lastKnownFileType = sourcecode.swift; path = FavoriteCell.swift; sourceTree = "<group>"; };
		91E617CD28F0AA41005B1EC4 /* HeaderCollectionViewCell.swift */ = {isa = PBXFileReference; lastKnownFileType = sourcecode.swift; path = HeaderCollectionViewCell.swift; sourceTree = "<group>"; };
		91E617CE28F0AA41005B1EC4 /* HeaderCollectionViewCell.xib */ = {isa = PBXFileReference; lastKnownFileType = file.xib; path = HeaderCollectionViewCell.xib; sourceTree = "<group>"; };
		91F0F80228FDED5500E601B2 /* SearchVC.swift */ = {isa = PBXFileReference; lastKnownFileType = sourcecode.swift; path = SearchVC.swift; sourceTree = "<group>"; };
		91F0F80628FDF59200E601B2 /* SearchManager.swift */ = {isa = PBXFileReference; lastKnownFileType = sourcecode.swift; path = SearchManager.swift; sourceTree = "<group>"; };
		91FA6EC928A7C19D008FCFA2 /* MovieApp.app */ = {isa = PBXFileReference; explicitFileType = wrapper.application; includeInIndex = 0; path = MovieApp.app; sourceTree = BUILT_PRODUCTS_DIR; };
		91FA6ECC28A7C19D008FCFA2 /* AppDelegate.swift */ = {isa = PBXFileReference; lastKnownFileType = sourcecode.swift; path = AppDelegate.swift; sourceTree = "<group>"; };
		91FA6ECE28A7C19D008FCFA2 /* SceneDelegate.swift */ = {isa = PBXFileReference; lastKnownFileType = sourcecode.swift; path = SceneDelegate.swift; sourceTree = "<group>"; };
		91FA6ED328A7C19D008FCFA2 /* Base */ = {isa = PBXFileReference; lastKnownFileType = file.storyboard; name = Base; path = Base.lproj/Main.storyboard; sourceTree = "<group>"; };
		91FA6ED528A7C19E008FCFA2 /* Assets.xcassets */ = {isa = PBXFileReference; lastKnownFileType = folder.assetcatalog; path = Assets.xcassets; sourceTree = "<group>"; };
		91FA6ED828A7C19E008FCFA2 /* Base */ = {isa = PBXFileReference; lastKnownFileType = file.storyboard; name = Base; path = Base.lproj/LaunchScreen.storyboard; sourceTree = "<group>"; };
		91FA6EDA28A7C19E008FCFA2 /* Info.plist */ = {isa = PBXFileReference; lastKnownFileType = text.plist.xml; path = Info.plist; sourceTree = "<group>"; };
		F25DC5E4C0049827E6663B60 /* Pods-MovieApp.debug.xcconfig */ = {isa = PBXFileReference; includeInIndex = 1; lastKnownFileType = text.xcconfig; name = "Pods-MovieApp.debug.xcconfig"; path = "Target Support Files/Pods-MovieApp/Pods-MovieApp.debug.xcconfig"; sourceTree = "<group>"; };
/* End PBXFileReference section */

/* Begin PBXFrameworksBuildPhase section */
		91FA6EC628A7C19D008FCFA2 /* Frameworks */ = {
			isa = PBXFrameworksBuildPhase;
			buildActionMask = 2147483647;
			files = (
				B5BF1363C971C557712E6313 /* Pods_MovieApp.framework in Frameworks */,
			);
			runOnlyForDeploymentPostprocessing = 0;
		};
/* End PBXFrameworksBuildPhase section */

/* Begin PBXGroup section */
		200635DC7904EFB1F9BC1B3B /* Pods */ = {
			isa = PBXGroup;
			children = (
				F25DC5E4C0049827E6663B60 /* Pods-MovieApp.debug.xcconfig */,
				895ED939D844ADE939567281 /* Pods-MovieApp.release.xcconfig */,
			);
			path = Pods;
			sourceTree = "<group>";
		};
		8196CCA295015133FB95F93A /* Frameworks */ = {
			isa = PBXGroup;
			children = (
				546FB6D346FE266111D4C5E8 /* Pods_MovieApp.framework */,
			);
			name = Frameworks;
			sourceTree = "<group>";
		};
		9103A91528ADF1EC00C80FB5 /* Controllers */ = {
			isa = PBXGroup;
			children = (
				91B2391428A7C81000D39A56 /* MoviesController.swift */,
				916370FE28EF30C10016FF65 /* MovieHeaderViewController.swift */,
				916370FF28EF30C10016FF65 /* MovieHeaderViewController.xib */,
				919CB18A28F1BF33002F16A6 /* SeeMoreMoviesController.swift */,
			);
			path = Controllers;
			sourceTree = "<group>";
		};
		9103A91628ADF21D00C80FB5 /* CoreData */ = {
			isa = PBXGroup;
			children = (
				9139F25C28AC02B9006B189E /* Favorite+CoreDataClass.swift */,
				9139F25B28AC02B9006B189E /* Favorite+CoreDataProperties.swift */,
				910F575A28C7AB4500BFFAD1 /* FavoriteManager.swift */,
				919407F328AACF19007A88FC /* CoreData.xcdatamodeld */,
				914215E728C9191400B6549E /* GoogleService-Info.plist */,
			);
			path = CoreData;
			sourceTree = "<group>";
		};
		9103A91828ADF26500C80FB5 /* Cell */ = {
			isa = PBXGroup;
			children = (
				91B2391628A7CCAC00D39A56 /* MovieCell.swift */,
				915EDFD328E82C7E0032D95E /* MovieCategoryCell.swift */,
				915EDFD428E82C7E0032D95E /* MovieCategoryCell.xib */,
				915EDFD728E83DBF0032D95E /* MovieCategoryGenreCell.swift */,
				915EDFD828E83DBF0032D95E /* MovieCategoryGenreCell.xib */,
				91E617CD28F0AA41005B1EC4 /* HeaderCollectionViewCell.swift */,
				91E617CE28F0AA41005B1EC4 /* HeaderCollectionViewCell.xib */,
			);
			path = Cell;
			sourceTree = "<group>";
		};
		9104A35728B6967100140706 /* Scenes */ = {
			isa = PBXGroup;
			children = (
				9104A35D28B6976C00140706 /* PopularMovies */,
				91B2AE2928B6AEDB008574F3 /* PopularMoviesDetail */,
				91B2AE2F28B6B08B008574F3 /* Favorite */,
			);
			path = Scenes;
			sourceTree = "<group>";
		};
		9104A35D28B6976C00140706 /* PopularMovies */ = {
			isa = PBXGroup;
			children = (
				9104A35E28B6978300140706 /* Model */,
				9104A35F28B6978D00140706 /* View */,
				9104A36028B6979400140706 /* ViewModel */,
			);
			path = PopularMovies;
			sourceTree = "<group>";
		};
		9104A35E28B6978300140706 /* Model */ = {
			isa = PBXGroup;
			children = (
				91B2391828A7CD2E00D39A56 /* Popular.swift */,
			);
			path = Model;
			sourceTree = "<group>";
		};
		9104A35F28B6978D00140706 /* View */ = {
			isa = PBXGroup;
			children = (
				9103A91528ADF1EC00C80FB5 /* Controllers */,
				9103A91828ADF26500C80FB5 /* Cell */,
			);
			path = View;
			sourceTree = "<group>";
		};
		9104A36028B6979400140706 /* ViewModel */ = {
			isa = PBXGroup;
			children = (
				91B0C3FA28B0D060005D3D3D /* MovieViewModel.swift */,
			);
			path = ViewModel;
			sourceTree = "<group>";
		};
		911F0D4F29008C51002D6850 /* CastManager */ = {
			isa = PBXGroup;
			children = (
				911F0D4D29008C44002D6850 /* CastManager.swift */,
			);
			path = CastManager;
			sourceTree = "<group>";
		};
		9171BD5728CA6652005F9D77 /* MovieManager */ = {
			isa = PBXGroup;
			children = (
				91B0C40128B0FFC0005D3D3D /* MovieManager.swift */,
			);
			path = MovieManager;
			sourceTree = "<group>";
		};
		9171BD5828CA665D005F9D77 /* MovieDetailManager */ = {
			isa = PBXGroup;
			children = (
				9132CEBB28BA1E8800763797 /* MovieDetailManager.swift */,
			);
			path = MovieDetailManager;
			sourceTree = "<group>";
		};
		9172F123290421B200E70BB5 /* SimiliarManager */ = {
			isa = PBXGroup;
			children = (
				9172F124290421C700E70BB5 /* SimiliarManager.swift */,
			);
			path = SimiliarManager;
			sourceTree = "<group>";
		};
		91A13B8828BBAF26004ABE33 /* Cell */ = {
			isa = PBXGroup;
			children = (
				91A13B8928BBAF4B004ABE33 /* OverViewCell.swift */,
				91A13B8B28BBB51B004ABE33 /* GenreCell.swift */,
				911F0D4329007992002D6850 /* MovieDetailBottomCell.swift */,
				911F0D4429007992002D6850 /* MovieDetailBottomCell.xib */,
				911F0D47290085A4002D6850 /* DetailBottomMainCell.swift */,
				911F0D48290085A4002D6850 /* DetailBottomMainCell.xib */,
			);
			path = Cell;
			sourceTree = "<group>";
		};
		91B0C3FC28B0D997005D3D3D /* Network */ = {
			isa = PBXGroup;
			children = (
				91B0C3FD28B0DA0D005D3D3D /* Core */,
				91F0F80528FDF58000E601B2 /* SearchManager */,
				9171BD5728CA6652005F9D77 /* MovieManager */,
				9171BD5828CA665D005F9D77 /* MovieDetailManager */,
				91C106D528D8F9F8008D89C0 /* MovieTrailerManager */,
				911F0D4F29008C51002D6850 /* CastManager */,
				9172F123290421B200E70BB5 /* SimiliarManager */,
			);
			path = Network;
			sourceTree = "<group>";
		};
		91B0C3FD28B0DA0D005D3D3D /* Core */ = {
			isa = PBXGroup;
			children = (
				91A13B8628BBA01B004ABE33 /* NetworkHelper.swift */,
				91B0C3FE28B0DA1C005D3D3D /* NetworkManager.swift */,
			);
			path = Core;
			sourceTree = "<group>";
		};
		91B2AE2928B6AEDB008574F3 /* PopularMoviesDetail */ = {
			isa = PBXGroup;
			children = (
				91B2AE2A28B6AF0C008574F3 /* Model */,
				91B2AE2B28B6AF17008574F3 /* View */,
				91B2AE2C28B6AF21008574F3 /* ViewModel */,
			);
			path = PopularMoviesDetail;
			sourceTree = "<group>";
		};
		91B2AE2A28B6AF0C008574F3 /* Model */ = {
			isa = PBXGroup;
			children = (
				91A13B8D28BBE48F004ABE33 /* MovieDetailModel.swift */,
				91C106D128D8F0CE008D89C0 /* MovieTrailerModel.swift */,
				911F0D4B29008B85002D6850 /* CastModel.swift */,
				9172F128290422A400E70BB5 /* SimiliarModel.swift */,
			);
			path = Model;
			sourceTree = "<group>";
		};
		91B2AE2B28B6AF17008574F3 /* View */ = {
			isa = PBXGroup;
			children = (
				91B2AE2D28B6AF6B008574F3 /* Controller */,
				91A13B8828BBAF26004ABE33 /* Cell */,
			);
			path = View;
			sourceTree = "<group>";
		};
		91B2AE2C28B6AF21008574F3 /* ViewModel */ = {
			isa = PBXGroup;
			children = (
				91A13B8428BB5888004ABE33 /* MovieDetailViewModel.swift */,
				91C106D328D8F38D008D89C0 /* MovieTrailerViewModel.swift */,
				911F0D5029009361002D6850 /* CastViewModel.swift */,
				9172F1262904222600E70BB5 /* SimiliarViewModel.swift */,
			);
			path = ViewModel;
			sourceTree = "<group>";
		};
		91B2AE2D28B6AF6B008574F3 /* Controller */ = {
			isa = PBXGroup;
			children = (
				9147DC2228A7FECB00FB23C8 /* MovieDetailVC.swift */,
				91C106CF28D8E752008D89C0 /* MovieTrailerVC.swift */,
				916103AF28F4968A00D2AD4E /* MovieDetailHeaderVC.swift */,
				916103B028F4968A00D2AD4E /* MovieDetailHeaderVC.xib */,
			);
			path = Controller;
			sourceTree = "<group>";
		};
		91B2AE2F28B6B08B008574F3 /* Favorite */ = {
			isa = PBXGroup;
			children = (
				91B2AE3028B6B096008574F3 /* Model */,
				91B2AE3128B6B09C008574F3 /* View */,
				91B2AE3228B6B0A9008574F3 /* ViewModel */,
			);
			path = Favorite;
			sourceTree = "<group>";
		};
		91B2AE3028B6B096008574F3 /* Model */ = {
			isa = PBXGroup;
			children = (
			);
			path = Model;
			sourceTree = "<group>";
		};
		91B2AE3128B6B09C008574F3 /* View */ = {
			isa = PBXGroup;
			children = (
				91B2AE3328B6B0BF008574F3 /* Controller */,
				91B2AE3428B6B0C8008574F3 /* Cell */,
			);
			path = View;
			sourceTree = "<group>";
		};
		91B2AE3228B6B0A9008574F3 /* ViewModel */ = {
			isa = PBXGroup;
			children = (
				910F575C28C7AB7900BFFAD1 /* FavoriteViewModel.swift */,
			);
			path = ViewModel;
			sourceTree = "<group>";
		};
		91B2AE3328B6B0BF008574F3 /* Controller */ = {
			isa = PBXGroup;
			children = (
				919407F128AACB28007A88FC /* FavoriteController.swift */,
			);
			path = Controller;
			sourceTree = "<group>";
		};
		91B2AE3428B6B0C8008574F3 /* Cell */ = {
			isa = PBXGroup;
			children = (
				91C2E1B328B2AE4700CB9D10 /* FavoriteCell.swift */,
			);
			path = Cell;
			sourceTree = "<group>";
		};
		91C106D528D8F9F8008D89C0 /* MovieTrailerManager */ = {
			isa = PBXGroup;
			children = (
				91C106D628D8FA0F008D89C0 /* MovieTrailerManager.swift */,
			);
			path = MovieTrailerManager;
			sourceTree = "<group>";
		};
		91F0F80428FDED6100E601B2 /* SearchVC */ = {
			isa = PBXGroup;
			children = (
				91F0F80228FDED5500E601B2 /* SearchVC.swift */,
			);
			path = SearchVC;
			sourceTree = "<group>";
		};
		91F0F80528FDF58000E601B2 /* SearchManager */ = {
			isa = PBXGroup;
			children = (
				91F0F80628FDF59200E601B2 /* SearchManager.swift */,
			);
			name = SearchManager;
			path = MovieManager/SearchManager;
			sourceTree = "<group>";
		};
		91FA6EC028A7C19D008FCFA2 = {
			isa = PBXGroup;
			children = (
				91FA6ECB28A7C19D008FCFA2 /* MovieApp */,
				91FA6ECA28A7C19D008FCFA2 /* Products */,
				200635DC7904EFB1F9BC1B3B /* Pods */,
				8196CCA295015133FB95F93A /* Frameworks */,
			);
			sourceTree = "<group>";
		};
		91FA6ECA28A7C19D008FCFA2 /* Products */ = {
			isa = PBXGroup;
			children = (
				91FA6EC928A7C19D008FCFA2 /* MovieApp.app */,
			);
			name = Products;
			sourceTree = "<group>";
		};
		91FA6ECB28A7C19D008FCFA2 /* MovieApp */ = {
			isa = PBXGroup;
			children = (
				91FA6ECC28A7C19D008FCFA2 /* AppDelegate.swift */,
				91FA6ECE28A7C19D008FCFA2 /* SceneDelegate.swift */,
				918B5EBF28DCCA6500861F92 /* CollectionHeader.swift */,
				91B0C3FC28B0D997005D3D3D /* Network */,
				9104A35728B6967100140706 /* Scenes */,
				91F0F80428FDED6100E601B2 /* SearchVC */,
				9103A91628ADF21D00C80FB5 /* CoreData */,
				91FA6EDA28A7C19E008FCFA2 /* Info.plist */,
				91FA6ED528A7C19E008FCFA2 /* Assets.xcassets */,
				91FA6ED728A7C19E008FCFA2 /* LaunchScreen.storyboard */,
				91FA6ED228A7C19D008FCFA2 /* Main.storyboard */,
				91B149FD28E1E4E900747FDD /* MovieDetVc.swift */,
			);
			path = MovieApp;
			sourceTree = "<group>";
		};
/* End PBXGroup section */

/* Begin PBXNativeTarget section */
		91FA6EC828A7C19D008FCFA2 /* MovieApp */ = {
			isa = PBXNativeTarget;
			buildConfigurationList = 91FA6EDD28A7C19E008FCFA2 /* Build configuration list for PBXNativeTarget "MovieApp" */;
			buildPhases = (
				3871D1A66CA0055F6521CE2C /* [CP] Check Pods Manifest.lock */,
				91FA6EC528A7C19D008FCFA2 /* Sources */,
				91FA6EC628A7C19D008FCFA2 /* Frameworks */,
				91FA6EC728A7C19D008FCFA2 /* Resources */,
				32BD48B19A4030238E7E052D /* [CP] Embed Pods Frameworks */,
			);
			buildRules = (
			);
			dependencies = (
			);
			name = MovieApp;
			productName = MovieApp;
			productReference = 91FA6EC928A7C19D008FCFA2 /* MovieApp.app */;
			productType = "com.apple.product-type.application";
		};
/* End PBXNativeTarget section */

/* Begin PBXProject section */
		91FA6EC128A7C19D008FCFA2 /* Project object */ = {
			isa = PBXProject;
			attributes = {
				BuildIndependentTargetsInParallel = 1;
				LastSwiftUpdateCheck = 1340;
				LastUpgradeCheck = 1340;
				TargetAttributes = {
					91FA6EC828A7C19D008FCFA2 = {
						CreatedOnToolsVersion = 13.4.1;
					};
				};
			};
			buildConfigurationList = 91FA6EC428A7C19D008FCFA2 /* Build configuration list for PBXProject "MovieApp" */;
			compatibilityVersion = "Xcode 13.0";
			developmentRegion = en;
			hasScannedForEncodings = 0;
			knownRegions = (
				en,
				Base,
			);
			mainGroup = 91FA6EC028A7C19D008FCFA2;
			productRefGroup = 91FA6ECA28A7C19D008FCFA2 /* Products */;
			projectDirPath = "";
			projectRoot = "";
			targets = (
				91FA6EC828A7C19D008FCFA2 /* MovieApp */,
			);
		};
/* End PBXProject section */

/* Begin PBXResourcesBuildPhase section */
		91FA6EC728A7C19D008FCFA2 /* Resources */ = {
			isa = PBXResourcesBuildPhase;
			buildActionMask = 2147483647;
			files = (
				915EDFD628E82C7E0032D95E /* MovieCategoryCell.xib in Resources */,
				91FA6ED928A7C19E008FCFA2 /* LaunchScreen.storyboard in Resources */,
				914215E828C9191400B6549E /* GoogleService-Info.plist in Resources */,
				916103B228F4968A00D2AD4E /* MovieDetailHeaderVC.xib in Resources */,
				911F0D4629007992002D6850 /* MovieDetailBottomCell.xib in Resources */,
				915EDFDA28E83DBF0032D95E /* MovieCategoryGenreCell.xib in Resources */,
				911F0D4A290085A4002D6850 /* DetailBottomMainCell.xib in Resources */,
				91FA6ED628A7C19E008FCFA2 /* Assets.xcassets in Resources */,
				91E617D028F0AA41005B1EC4 /* HeaderCollectionViewCell.xib in Resources */,
				91FA6ED428A7C19D008FCFA2 /* Main.storyboard in Resources */,
				9163710128EF30C10016FF65 /* MovieHeaderViewController.xib in Resources */,
			);
			runOnlyForDeploymentPostprocessing = 0;
		};
/* End PBXResourcesBuildPhase section */

/* Begin PBXShellScriptBuildPhase section */
		32BD48B19A4030238E7E052D /* [CP] Embed Pods Frameworks */ = {
			isa = PBXShellScriptBuildPhase;
			buildActionMask = 2147483647;
			files = (
			);
			inputFileListPaths = (
				"${PODS_ROOT}/Target Support Files/Pods-MovieApp/Pods-MovieApp-frameworks-${CONFIGURATION}-input-files.xcfilelist",
			);
			name = "[CP] Embed Pods Frameworks";
			outputFileListPaths = (
				"${PODS_ROOT}/Target Support Files/Pods-MovieApp/Pods-MovieApp-frameworks-${CONFIGURATION}-output-files.xcfilelist",
			);
			runOnlyForDeploymentPostprocessing = 0;
			shellPath = /bin/sh;
			shellScript = "\"${PODS_ROOT}/Target Support Files/Pods-MovieApp/Pods-MovieApp-frameworks.sh\"\n";
			showEnvVarsInLog = 0;
		};
		3871D1A66CA0055F6521CE2C /* [CP] Check Pods Manifest.lock */ = {
			isa = PBXShellScriptBuildPhase;
			buildActionMask = 2147483647;
			files = (
			);
			inputFileListPaths = (
			);
			inputPaths = (
				"${PODS_PODFILE_DIR_PATH}/Podfile.lock",
				"${PODS_ROOT}/Manifest.lock",
			);
			name = "[CP] Check Pods Manifest.lock";
			outputFileListPaths = (
			);
			outputPaths = (
				"$(DERIVED_FILE_DIR)/Pods-MovieApp-checkManifestLockResult.txt",
			);
			runOnlyForDeploymentPostprocessing = 0;
			shellPath = /bin/sh;
			shellScript = "diff \"${PODS_PODFILE_DIR_PATH}/Podfile.lock\" \"${PODS_ROOT}/Manifest.lock\" > /dev/null\nif [ $? != 0 ] ; then\n    # print error to STDERR\n    echo \"error: The sandbox is not in sync with the Podfile.lock. Run 'pod install' or update your CocoaPods installation.\" >&2\n    exit 1\nfi\n# This output is used by Xcode 'outputs' to avoid re-running this script phase.\necho \"SUCCESS\" > \"${SCRIPT_OUTPUT_FILE_0}\"\n";
			showEnvVarsInLog = 0;
		};
/* End PBXShellScriptBuildPhase section */

/* Begin PBXSourcesBuildPhase section */
		91FA6EC528A7C19D008FCFA2 /* Sources */ = {
			isa = PBXSourcesBuildPhase;
			buildActionMask = 2147483647;
			files = (
				9172F1272904222600E70BB5 /* SimiliarViewModel.swift in Sources */,
				9132CEBC28BA1E8800763797 /* MovieDetailManager.swift in Sources */,
				9172F125290421C700E70BB5 /* SimiliarManager.swift in Sources */,
				919407F528AACF19007A88FC /* CoreData.xcdatamodeld in Sources */,
				91FA6ECD28A7C19D008FCFA2 /* AppDelegate.swift in Sources */,
				91B2391928A7CD2E00D39A56 /* Popular.swift in Sources */,
				91A13B8528BB5888004ABE33 /* MovieDetailViewModel.swift in Sources */,
				91B0C3FB28B0D060005D3D3D /* MovieViewModel.swift in Sources */,
				911F0D4529007992002D6850 /* MovieDetailBottomCell.swift in Sources */,
				9163710028EF30C10016FF65 /* MovieHeaderViewController.swift in Sources */,
				911F0D4C29008B85002D6850 /* CastModel.swift in Sources */,
				915EDFD928E83DBF0032D95E /* MovieCategoryGenreCell.swift in Sources */,
				91C106D228D8F0CE008D89C0 /* MovieTrailerModel.swift in Sources */,
				91FA6ECF28A7C19D008FCFA2 /* SceneDelegate.swift in Sources */,
				919CB18B28F1BF33002F16A6 /* SeeMoreMoviesController.swift in Sources */,
				91B0C3FF28B0DA1C005D3D3D /* NetworkManager.swift in Sources */,
				91F0F80328FDED5500E601B2 /* SearchVC.swift in Sources */,
				9147DC2328A7FECB00FB23C8 /* MovieDetailVC.swift in Sources */,
				91A13B8E28BBE48F004ABE33 /* MovieDetailModel.swift in Sources */,
				910F575D28C7AB7900BFFAD1 /* FavoriteViewModel.swift in Sources */,
				911F0D4E29008C44002D6850 /* CastManager.swift in Sources */,
				9139F25D28AC02B9006B189E /* Favorite+CoreDataProperties.swift in Sources */,
				91A13B8728BBA01B004ABE33 /* NetworkHelper.swift in Sources */,
				91C106D428D8F38D008D89C0 /* MovieTrailerViewModel.swift in Sources */,
				91E617CF28F0AA41005B1EC4 /* HeaderCollectionViewCell.swift in Sources */,
				915EDFD528E82C7E0032D95E /* MovieCategoryCell.swift in Sources */,
				91B0C40228B0FFC0005D3D3D /* MovieManager.swift in Sources */,
				916103B128F4968A00D2AD4E /* MovieDetailHeaderVC.swift in Sources */,
				91C106D728D8FA0F008D89C0 /* MovieTrailerManager.swift in Sources */,
				91A13B8A28BBAF4B004ABE33 /* OverViewCell.swift in Sources */,
				91B2391728A7CCAC00D39A56 /* MovieCell.swift in Sources */,
				910F575B28C7AB4500BFFAD1 /* FavoriteManager.swift in Sources */,
				911F0D5129009361002D6850 /* CastViewModel.swift in Sources */,
				9172F129290422A400E70BB5 /* SimiliarModel.swift in Sources */,
				91F0F80728FDF59200E601B2 /* SearchManager.swift in Sources */,
				91B149FE28E1E4E900747FDD /* MovieDetVc.swift in Sources */,
				9139F25E28AC02B9006B189E /* Favorite+CoreDataClass.swift in Sources */,
				91C2E1B428B2AE4700CB9D10 /* FavoriteCell.swift in Sources */,
				911F0D49290085A4002D6850 /* DetailBottomMainCell.swift in Sources */,
				91B2391528A7C81000D39A56 /* MoviesController.swift in Sources */,
				91C106D028D8E752008D89C0 /* MovieTrailerVC.swift in Sources */,
				91A13B8C28BBB51B004ABE33 /* GenreCell.swift in Sources */,
				918B5EC028DCCA6500861F92 /* CollectionHeader.swift in Sources */,
				919407F228AACB28007A88FC /* FavoriteController.swift in Sources */,
			);
			runOnlyForDeploymentPostprocessing = 0;
		};
/* End PBXSourcesBuildPhase section */

/* Begin PBXVariantGroup section */
		91FA6ED228A7C19D008FCFA2 /* Main.storyboard */ = {
			isa = PBXVariantGroup;
			children = (
				91FA6ED328A7C19D008FCFA2 /* Base */,
			);
			name = Main.storyboard;
			sourceTree = "<group>";
		};
		91FA6ED728A7C19E008FCFA2 /* LaunchScreen.storyboard */ = {
			isa = PBXVariantGroup;
			children = (
				91FA6ED828A7C19E008FCFA2 /* Base */,
			);
			name = LaunchScreen.storyboard;
			sourceTree = "<group>";
		};
/* End PBXVariantGroup section */

/* Begin XCBuildConfiguration section */
		91FA6EDB28A7C19E008FCFA2 /* Debug */ = {
			isa = XCBuildConfiguration;
			buildSettings = {
				ALWAYS_SEARCH_USER_PATHS = NO;
				CLANG_ANALYZER_NONNULL = YES;
				CLANG_ANALYZER_NUMBER_OBJECT_CONVERSION = YES_AGGRESSIVE;
				CLANG_CXX_LANGUAGE_STANDARD = "gnu++17";
				CLANG_ENABLE_MODULES = YES;
				CLANG_ENABLE_OBJC_ARC = YES;
				CLANG_ENABLE_OBJC_WEAK = YES;
				CLANG_WARN_BLOCK_CAPTURE_AUTORELEASING = YES;
				CLANG_WARN_BOOL_CONVERSION = YES;
				CLANG_WARN_COMMA = YES;
				CLANG_WARN_CONSTANT_CONVERSION = YES;
				CLANG_WARN_DEPRECATED_OBJC_IMPLEMENTATIONS = YES;
				CLANG_WARN_DIRECT_OBJC_ISA_USAGE = YES_ERROR;
				CLANG_WARN_DOCUMENTATION_COMMENTS = YES;
				CLANG_WARN_EMPTY_BODY = YES;
				CLANG_WARN_ENUM_CONVERSION = YES;
				CLANG_WARN_INFINITE_RECURSION = YES;
				CLANG_WARN_INT_CONVERSION = YES;
				CLANG_WARN_NON_LITERAL_NULL_CONVERSION = YES;
				CLANG_WARN_OBJC_IMPLICIT_RETAIN_SELF = YES;
				CLANG_WARN_OBJC_LITERAL_CONVERSION = YES;
				CLANG_WARN_OBJC_ROOT_CLASS = YES_ERROR;
				CLANG_WARN_QUOTED_INCLUDE_IN_FRAMEWORK_HEADER = YES;
				CLANG_WARN_RANGE_LOOP_ANALYSIS = YES;
				CLANG_WARN_STRICT_PROTOTYPES = YES;
				CLANG_WARN_SUSPICIOUS_MOVE = YES;
				CLANG_WARN_UNGUARDED_AVAILABILITY = YES_AGGRESSIVE;
				CLANG_WARN_UNREACHABLE_CODE = YES;
				CLANG_WARN__DUPLICATE_METHOD_MATCH = YES;
				COPY_PHASE_STRIP = NO;
				DEBUG_INFORMATION_FORMAT = dwarf;
				ENABLE_STRICT_OBJC_MSGSEND = YES;
				ENABLE_TESTABILITY = YES;
				GCC_C_LANGUAGE_STANDARD = gnu11;
				GCC_DYNAMIC_NO_PIC = NO;
				GCC_NO_COMMON_BLOCKS = YES;
				GCC_OPTIMIZATION_LEVEL = 0;
				GCC_PREPROCESSOR_DEFINITIONS = (
					"DEBUG=1",
					"$(inherited)",
				);
				GCC_WARN_64_TO_32_BIT_CONVERSION = YES;
				GCC_WARN_ABOUT_RETURN_TYPE = YES_ERROR;
				GCC_WARN_UNDECLARED_SELECTOR = YES;
				GCC_WARN_UNINITIALIZED_AUTOS = YES_AGGRESSIVE;
				GCC_WARN_UNUSED_FUNCTION = YES;
				GCC_WARN_UNUSED_VARIABLE = YES;
				IPHONEOS_DEPLOYMENT_TARGET = 15.5;
				MTL_ENABLE_DEBUG_INFO = INCLUDE_SOURCE;
				MTL_FAST_MATH = YES;
				ONLY_ACTIVE_ARCH = YES;
				SDKROOT = iphoneos;
				SWIFT_ACTIVE_COMPILATION_CONDITIONS = DEBUG;
				SWIFT_OPTIMIZATION_LEVEL = "-Onone";
			};
			name = Debug;
		};
		91FA6EDC28A7C19E008FCFA2 /* Release */ = {
			isa = XCBuildConfiguration;
			buildSettings = {
				ALWAYS_SEARCH_USER_PATHS = NO;
				CLANG_ANALYZER_NONNULL = YES;
				CLANG_ANALYZER_NUMBER_OBJECT_CONVERSION = YES_AGGRESSIVE;
				CLANG_CXX_LANGUAGE_STANDARD = "gnu++17";
				CLANG_ENABLE_MODULES = YES;
				CLANG_ENABLE_OBJC_ARC = YES;
				CLANG_ENABLE_OBJC_WEAK = YES;
				CLANG_WARN_BLOCK_CAPTURE_AUTORELEASING = YES;
				CLANG_WARN_BOOL_CONVERSION = YES;
				CLANG_WARN_COMMA = YES;
				CLANG_WARN_CONSTANT_CONVERSION = YES;
				CLANG_WARN_DEPRECATED_OBJC_IMPLEMENTATIONS = YES;
				CLANG_WARN_DIRECT_OBJC_ISA_USAGE = YES_ERROR;
				CLANG_WARN_DOCUMENTATION_COMMENTS = YES;
				CLANG_WARN_EMPTY_BODY = YES;
				CLANG_WARN_ENUM_CONVERSION = YES;
				CLANG_WARN_INFINITE_RECURSION = YES;
				CLANG_WARN_INT_CONVERSION = YES;
				CLANG_WARN_NON_LITERAL_NULL_CONVERSION = YES;
				CLANG_WARN_OBJC_IMPLICIT_RETAIN_SELF = YES;
				CLANG_WARN_OBJC_LITERAL_CONVERSION = YES;
				CLANG_WARN_OBJC_ROOT_CLASS = YES_ERROR;
				CLANG_WARN_QUOTED_INCLUDE_IN_FRAMEWORK_HEADER = YES;
				CLANG_WARN_RANGE_LOOP_ANALYSIS = YES;
				CLANG_WARN_STRICT_PROTOTYPES = YES;
				CLANG_WARN_SUSPICIOUS_MOVE = YES;
				CLANG_WARN_UNGUARDED_AVAILABILITY = YES_AGGRESSIVE;
				CLANG_WARN_UNREACHABLE_CODE = YES;
				CLANG_WARN__DUPLICATE_METHOD_MATCH = YES;
				COPY_PHASE_STRIP = NO;
				DEBUG_INFORMATION_FORMAT = "dwarf-with-dsym";
				ENABLE_NS_ASSERTIONS = NO;
				ENABLE_STRICT_OBJC_MSGSEND = YES;
				GCC_C_LANGUAGE_STANDARD = gnu11;
				GCC_NO_COMMON_BLOCKS = YES;
				GCC_WARN_64_TO_32_BIT_CONVERSION = YES;
				GCC_WARN_ABOUT_RETURN_TYPE = YES_ERROR;
				GCC_WARN_UNDECLARED_SELECTOR = YES;
				GCC_WARN_UNINITIALIZED_AUTOS = YES_AGGRESSIVE;
				GCC_WARN_UNUSED_FUNCTION = YES;
				GCC_WARN_UNUSED_VARIABLE = YES;
				IPHONEOS_DEPLOYMENT_TARGET = 15.5;
				MTL_ENABLE_DEBUG_INFO = NO;
				MTL_FAST_MATH = YES;
				SDKROOT = iphoneos;
				SWIFT_COMPILATION_MODE = wholemodule;
				SWIFT_OPTIMIZATION_LEVEL = "-O";
				VALIDATE_PRODUCT = YES;
			};
			name = Release;
		};
		91FA6EDE28A7C19E008FCFA2 /* Debug */ = {
			isa = XCBuildConfiguration;
			baseConfigurationReference = F25DC5E4C0049827E6663B60 /* Pods-MovieApp.debug.xcconfig */;
			buildSettings = {
				ASSETCATALOG_COMPILER_APPICON_NAME = AppIcon;
				ASSETCATALOG_COMPILER_GLOBAL_ACCENT_COLOR_NAME = AccentColor;
				CODE_SIGN_STYLE = Automatic;
				CURRENT_PROJECT_VERSION = 1;
				GENERATE_INFOPLIST_FILE = YES;
				INFOPLIST_FILE = MovieApp/Info.plist;
				INFOPLIST_KEY_UIApplicationSupportsIndirectInputEvents = YES;
				INFOPLIST_KEY_UILaunchStoryboardName = LaunchScreen;
				INFOPLIST_KEY_UIMainStoryboardFile = Main;
				INFOPLIST_KEY_UISupportedInterfaceOrientations_iPad = "UIInterfaceOrientationPortrait UIInterfaceOrientationPortraitUpsideDown UIInterfaceOrientationLandscapeLeft UIInterfaceOrientationLandscapeRight";
				INFOPLIST_KEY_UISupportedInterfaceOrientations_iPhone = "UIInterfaceOrientationPortrait UIInterfaceOrientationLandscapeLeft UIInterfaceOrientationLandscapeRight";
				LD_RUNPATH_SEARCH_PATHS = (
					"$(inherited)",
					"@executable_path/Frameworks",
				);
				MARKETING_VERSION = 1.0;
				PRODUCT_BUNDLE_IDENTIFIER = com..Test1.MovieApp;
				PRODUCT_NAME = "$(TARGET_NAME)";
				SWIFT_EMIT_LOC_STRINGS = YES;
				SWIFT_VERSION = 5.0;
				TARGETED_DEVICE_FAMILY = 1;
			};
			name = Debug;
		};
		91FA6EDF28A7C19E008FCFA2 /* Release */ = {
			isa = XCBuildConfiguration;
			baseConfigurationReference = 895ED939D844ADE939567281 /* Pods-MovieApp.release.xcconfig */;
			buildSettings = {
				ASSETCATALOG_COMPILER_APPICON_NAME = AppIcon;
				ASSETCATALOG_COMPILER_GLOBAL_ACCENT_COLOR_NAME = AccentColor;
				CODE_SIGN_STYLE = Automatic;
				CURRENT_PROJECT_VERSION = 1;
				GENERATE_INFOPLIST_FILE = YES;
				INFOPLIST_FILE = MovieApp/Info.plist;
				INFOPLIST_KEY_UIApplicationSupportsIndirectInputEvents = YES;
				INFOPLIST_KEY_UILaunchStoryboardName = LaunchScreen;
				INFOPLIST_KEY_UIMainStoryboardFile = Main;
				INFOPLIST_KEY_UISupportedInterfaceOrientations_iPad = "UIInterfaceOrientationPortrait UIInterfaceOrientationPortraitUpsideDown UIInterfaceOrientationLandscapeLeft UIInterfaceOrientationLandscapeRight";
				INFOPLIST_KEY_UISupportedInterfaceOrientations_iPhone = "UIInterfaceOrientationPortrait UIInterfaceOrientationLandscapeLeft UIInterfaceOrientationLandscapeRight";
				LD_RUNPATH_SEARCH_PATHS = (
					"$(inherited)",
					"@executable_path/Frameworks",
				);
				MARKETING_VERSION = 1.0;
				PRODUCT_BUNDLE_IDENTIFIER = com..Test1.MovieApp;
				PRODUCT_NAME = "$(TARGET_NAME)";
				SWIFT_EMIT_LOC_STRINGS = YES;
				SWIFT_VERSION = 5.0;
				TARGETED_DEVICE_FAMILY = 1;
			};
			name = Release;
		};
/* End XCBuildConfiguration section */

/* Begin XCConfigurationList section */
		91FA6EC428A7C19D008FCFA2 /* Build configuration list for PBXProject "MovieApp" */ = {
			isa = XCConfigurationList;
			buildConfigurations = (
				91FA6EDB28A7C19E008FCFA2 /* Debug */,
				91FA6EDC28A7C19E008FCFA2 /* Release */,
			);
			defaultConfigurationIsVisible = 0;
			defaultConfigurationName = Release;
		};
		91FA6EDD28A7C19E008FCFA2 /* Build configuration list for PBXNativeTarget "MovieApp" */ = {
			isa = XCConfigurationList;
			buildConfigurations = (
				91FA6EDE28A7C19E008FCFA2 /* Debug */,
				91FA6EDF28A7C19E008FCFA2 /* Release */,
			);
			defaultConfigurationIsVisible = 0;
			defaultConfigurationName = Release;
		};
/* End XCConfigurationList section */

/* Begin XCVersionGroup section */
		919407F328AACF19007A88FC /* CoreData.xcdatamodeld */ = {
			isa = XCVersionGroup;
			children = (
				919407F428AACF19007A88FC /* CoreData.xcdatamodel */,
			);
			currentVersion = 919407F428AACF19007A88FC /* CoreData.xcdatamodel */;
			path = CoreData.xcdatamodeld;
			sourceTree = "<group>";
			versionGroupType = wrapper.xcdatamodel;
		};
/* End XCVersionGroup section */
	};
	rootObject = 91FA6EC128A7C19D008FCFA2 /* Project object */;
}
